<?xml version="1.0" encoding="utf-8"?>
<Project ToolsVersion="4.0" xmlns="http://schemas.microsoft.com/developer/msbuild/2003">
  <ItemGroup>
    <Filter Include="Source Files">
      <UniqueIdentifier>{4FC737F1-C7A5-4376-A066-2A32D752A2FF}</UniqueIdentifier>
      <Extensions>cpp;c;cc;cxx;def;odl;idl;hpj;bat;asm;asmx</Extensions>
    </Filter>
    <Filter Include="Header Files">
      <UniqueIdentifier>{93995380-89BD-4b04-88EB-625FBE52EBFB}</UniqueIdentifier>
      <Extensions>h;hpp;hxx;hm;inl;inc;xsd</Extensions>
    </Filter>
    <Filter Include="Resource Files">
      <UniqueIdentifier>{67DA6AB6-F800-4c08-8B7A-83BB121AAD01}</UniqueIdentifier>
      <Extensions>rc;ico;cur;bmp;dlg;rc2;rct;bin;rgs;gif;jpg;jpeg;jpe;resx;tiff;tif;png;wav;mfcribbon-ms</Extensions>
    </Filter>
  </ItemGroup>
  <ItemGroup>
    <ClInclude Include="CommandEngine.h">
      <Filter>Header Files</Filter>
    </ClInclude>
    <ClInclude Include="AddHandler.h">
      <Filter>Header Files</Filter>
    </ClInclude>
    <ClInclude Include="TranslateHandler.h">
      <Filter>Header Files</Filter>
    </ClInclude>
    <ClInclude Include="RemoveAllHandler.h">
      <Filter>Header Files</Filter>
    </ClInclude>
    <ClInclude Include="PrintAllHandler.h">
      <Filter>Header Files</Filter>
    </ClInclude>
    <ClInclude Include="CountHandler.h">
      <Filter>Header Files</Filter>
    </ClInclude>
    <ClInclude Include="HelpHandler.h">
      <Filter>Header Files</Filter>
    </ClInclude>
    <ClInclude Include="ExitHandler.h">
      <Filter>Header Files</Filter>
    </ClInclude>
    <ClInclude Include="DeleteHandler.h">
      <Filter>Header Files</Filter>
    </ClInclude>
    <ClInclude Include="AutoComplete.h">
      <Filter>Header Files</Filter>
    </ClInclude>
    <ClInclude Include="LogFileHandler.h">
      <Filter>Header Files</Filter>
    </ClInclude>
    <ClInclude Include="SilentModeHandler.h">
      <Filter>Header Files</Filter>
    </ClInclude>
    <ClInclude Include="IOManager.h">
      <Filter>Header Files</Filter>
    </ClInclude>
    <ClInclude Include="CommandStructure.h">
      <Filter>Header Files</Filter>
    </ClInclude>
    <ClInclude Include="QueryInterface.h">
      <Filter>Header Files</Filter>
    </ClInclude>
    <ClInclude Include="ApplicationDictionary.h">
      <Filter>Header Files</Filter>
    </ClInclude>
    <ClInclude Include="Dictionary.h">
      <Filter>Header Files</Filter>
    </ClInclude>
    <ClInclude Include="CommandHandler.h">
      <Filter>Header Files</Filter>
    </ClInclude>
    <ClInclude Include="LoadDllHandler.h">
      <Filter>Header Files</Filter>
    </ClInclude>
    <ClInclude Include="I_CommandEngine.h">
      <Filter>Header Files</Filter>
    </ClInclude>
    <ClInclude Include="I_Dictionary.h">
      <Filter>Header Files</Filter>
    </ClInclude>
    <ClInclude Include="I_IOManager.h">
      <Filter>Header Files</Filter>
    </ClInclude>
  </ItemGroup>
  <ItemGroup>
    <ClCompile Include="CommandEngine.cpp">
      <Filter>Source Files</Filter>
    </ClCompile>
    <ClCompile Include="AddHandler.cpp">
      <Filter>Source Files</Filter>
    </ClCompile>
    <ClCompile Include="Dictionary.cpp">
      <Filter>Source Files</Filter>
    </ClCompile>
    <ClCompile Include="CountHandler.cpp">
      <Filter>Source Files</Filter>
    </ClCompile>
    <ClCompile Include="RemoveAllHandler.cpp">
      <Filter>Source Files</Filter>
    </ClCompile>
    <ClCompile Include="PrintAllHandler.cpp">
      <Filter>Source Files</Filter>
    </ClCompile>
    <ClCompile Include="HelpHandler.cpp">
      <Filter>Source Files</Filter>
    </ClCompile>
    <ClCompile Include="ExitHandler.cpp">
      <Filter>Source Files</Filter>
    </ClCompile>
    <ClCompile Include="DeleteHandler.cpp">
      <Filter>Source Files</Filter>
    </ClCompile>
    <ClCompile Include="AutoComplete.cpp">
      <Filter>Source Files</Filter>
    </ClCompile>
    <ClCompile Include="LogFileHandler.cpp">
      <Filter>Source Files</Filter>
    </ClCompile>
    <ClCompile Include="SilentModeHandler.cpp">
      <Filter>Source Files</Filter>
    </ClCompile>
    <ClCompile Include="IOManager.cpp">
      <Filter>Source Files</Filter>
    </ClCompile>
    <ClCompile Include="Main.cpp">
      <Filter>Source Files</Filter>
    </ClCompile>
    <ClCompile Include="ApplicationDictionary.cpp">
      <Filter>Source Files</Filter>
    </ClCompile>
    <ClCompile Include="LoadDllHandler.cpp">
      <Filter>Source Files</Filter>
    </ClCompile>
    <ClCompile Include="TranslateHandler.cpp">
      <Filter>Source Files</Filter>
    </ClCompile>
  </ItemGroup>
</Project>